// !$*UTF8*$!
{
	archiveVersion = 1;
	classes = {
	};
	objectVersion = 50;
	objects = {

/* Begin PBXBuildFile section */
		1ED824D7261BBAC600576CB9 /* Fruits_WikiApp.swift in Sources */ = {isa = PBXBuildFile; fileRef = 1ED824D6261BBAC600576CB9 /* Fruits_WikiApp.swift */; };
		1ED824D9261BBAC600576CB9 /* ContentView.swift in Sources */ = {isa = PBXBuildFile; fileRef = 1ED824D8261BBAC600576CB9 /* ContentView.swift */; };
		1ED824DB261BBAC700576CB9 /* Assets.xcassets in Resources */ = {isa = PBXBuildFile; fileRef = 1ED824DA261BBAC700576CB9 /* Assets.xcassets */; };
		1ED824DE261BBAC700576CB9 /* Preview Assets.xcassets in Resources */ = {isa = PBXBuildFile; fileRef = 1ED824DD261BBAC700576CB9 /* Preview Assets.xcassets */; };
		1ED824EB261BC07200576CB9 /* FruitCardView.swift in Sources */ = {isa = PBXBuildFile; fileRef = 1ED824EA261BC07200576CB9 /* FruitCardView.swift */; };
		1ED824EE261BD5E800576CB9 /* StartButtonView.swift in Sources */ = {isa = PBXBuildFile; fileRef = 1ED824ED261BD5E800576CB9 /* StartButtonView.swift */; };
		1ED824F1261BDA4800576CB9 /* OnboardingView.swift in Sources */ = {isa = PBXBuildFile; fileRef = 1ED824F0261BDA4800576CB9 /* OnboardingView.swift */; };
		1ED824F5261BDCCC00576CB9 /* FruitModel.swift in Sources */ = {isa = PBXBuildFile; fileRef = 1ED824F4261BDCCC00576CB9 /* FruitModel.swift */; };
		1ED824F9261BDE5400576CB9 /* FruitData.swift in Sources */ = {isa = PBXBuildFile; fileRef = 1ED824F8261BDE5400576CB9 /* FruitData.swift */; };
		1ED824FC261BEB2300576CB9 /* FruitRowView.swift in Sources */ = {isa = PBXBuildFile; fileRef = 1ED824FB261BEB2300576CB9 /* FruitRowView.swift */; };
		1ED82500261BF68300576CB9 /* FruitDetailView.swift in Sources */ = {isa = PBXBuildFile; fileRef = 1ED824FF261BF68300576CB9 /* FruitDetailView.swift */; };
		1ED82503261BFBAE00576CB9 /* FruitHeaderView.swift in Sources */ = {isa = PBXBuildFile; fileRef = 1ED82502261BFBAE00576CB9 /* FruitHeaderView.swift */; };
		1ED82506261BFF0400576CB9 /* SourceLinkView.swift in Sources */ = {isa = PBXBuildFile; fileRef = 1ED82505261BFF0400576CB9 /* SourceLinkView.swift */; };
		1ED82509261C07A500576CB9 /* FruitNutritionView.swift in Sources */ = {isa = PBXBuildFile; fileRef = 1ED82508261C07A500576CB9 /* FruitNutritionView.swift */; };
		1ED8250C261C0D1B00576CB9 /* SettingsView.swift in Sources */ = {isa = PBXBuildFile; fileRef = 1ED8250B261C0D1B00576CB9 /* SettingsView.swift */; };
		1ED8250F261C14C900576CB9 /* SettingsLabelView.swift in Sources */ = {isa = PBXBuildFile; fileRef = 1ED8250E261C14C900576CB9 /* SettingsLabelView.swift */; };
/* End PBXBuildFile section */

/* Begin PBXFileReference section */
		1ED824D3261BBAC600576CB9 /* Fruits Wiki.app */ = {isa = PBXFileReference; explicitFileType = wrapper.application; includeInIndex = 0; path = "Fruits Wiki.app"; sourceTree = BUILT_PRODUCTS_DIR; };
		1ED824D6261BBAC600576CB9 /* Fruits_WikiApp.swift */ = {isa = PBXFileReference; lastKnownFileType = sourcecode.swift; path = Fruits_WikiApp.swift; sourceTree = "<group>"; };
		1ED824D8261BBAC600576CB9 /* ContentView.swift */ = {isa = PBXFileReference; lastKnownFileType = sourcecode.swift; path = ContentView.swift; sourceTree = "<group>"; };
		1ED824DA261BBAC700576CB9 /* Assets.xcassets */ = {isa = PBXFileReference; lastKnownFileType = folder.assetcatalog; path = Assets.xcassets; sourceTree = "<group>"; };
		1ED824DD261BBAC700576CB9 /* Preview Assets.xcassets */ = {isa = PBXFileReference; lastKnownFileType = folder.assetcatalog; path = "Preview Assets.xcassets"; sourceTree = "<group>"; };
		1ED824DF261BBAC700576CB9 /* Info.plist */ = {isa = PBXFileReference; lastKnownFileType = text.plist.xml; path = Info.plist; sourceTree = "<group>"; };
		1ED824EA261BC07200576CB9 /* FruitCardView.swift */ = {isa = PBXFileReference; lastKnownFileType = sourcecode.swift; path = FruitCardView.swift; sourceTree = "<group>"; };
		1ED824ED261BD5E800576CB9 /* StartButtonView.swift */ = {isa = PBXFileReference; lastKnownFileType = sourcecode.swift; path = StartButtonView.swift; sourceTree = "<group>"; };
		1ED824F0261BDA4800576CB9 /* OnboardingView.swift */ = {isa = PBXFileReference; lastKnownFileType = sourcecode.swift; path = OnboardingView.swift; sourceTree = "<group>"; };
		1ED824F4261BDCCC00576CB9 /* FruitModel.swift */ = {isa = PBXFileReference; lastKnownFileType = sourcecode.swift; path = FruitModel.swift; sourceTree = "<group>"; };
		1ED824F8261BDE5400576CB9 /* FruitData.swift */ = {isa = PBXFileReference; lastKnownFileType = sourcecode.swift; path = FruitData.swift; sourceTree = "<group>"; };
		1ED824FB261BEB2300576CB9 /* FruitRowView.swift */ = {isa = PBXFileReference; lastKnownFileType = sourcecode.swift; path = FruitRowView.swift; sourceTree = "<group>"; };
		1ED824FF261BF68300576CB9 /* FruitDetailView.swift */ = {isa = PBXFileReference; lastKnownFileType = sourcecode.swift; path = FruitDetailView.swift; sourceTree = "<group>"; };
		1ED82502261BFBAE00576CB9 /* FruitHeaderView.swift */ = {isa = PBXFileReference; lastKnownFileType = sourcecode.swift; path = FruitHeaderView.swift; sourceTree = "<group>"; };
		1ED82505261BFF0400576CB9 /* SourceLinkView.swift */ = {isa = PBXFileReference; lastKnownFileType = sourcecode.swift; path = SourceLinkView.swift; sourceTree = "<group>"; };
		1ED82508261C07A500576CB9 /* FruitNutritionView.swift */ = {isa = PBXFileReference; lastKnownFileType = sourcecode.swift; path = FruitNutritionView.swift; sourceTree = "<group>"; };
		1ED8250B261C0D1B00576CB9 /* SettingsView.swift */ = {isa = PBXFileReference; lastKnownFileType = sourcecode.swift; name = SettingsView.swift; path = "Fruits Wiki/View/SettingsView.swift"; sourceTree = SOURCE_ROOT; };
		1ED8250E261C14C900576CB9 /* SettingsLabelView.swift */ = {isa = PBXFileReference; lastKnownFileType = sourcecode.swift; path = SettingsLabelView.swift; sourceTree = "<group>"; };
/* End PBXFileReference section */

/* Begin PBXFrameworksBuildPhase section */
		1ED824D0261BBAC600576CB9 /* Frameworks */ = {
			isa = PBXFrameworksBuildPhase;
			buildActionMask = 2147483647;
			files = (
			);
			runOnlyForDeploymentPostprocessing = 0;
		};
/* End PBXFrameworksBuildPhase section */

/* Begin PBXGroup section */
		1ED824CA261BBAC600576CB9 = {
			isa = PBXGroup;
			children = (
				1ED824D5261BBAC600576CB9 /* Fruits Wiki */,
				1ED824D4261BBAC600576CB9 /* Products */,
			);
			sourceTree = "<group>";
		};
		1ED824D4261BBAC600576CB9 /* Products */ = {
			isa = PBXGroup;
			children = (
				1ED824D3261BBAC600576CB9 /* Fruits Wiki.app */,
			);
			name = Products;
			sourceTree = "<group>";
		};
		1ED824D5261BBAC600576CB9 /* Fruits Wiki */ = {
			isa = PBXGroup;
			children = (
				1ED824F7261BDE3E00576CB9 /* Data */,
				1ED824F3261BDCBD00576CB9 /* Model */,
				1ED824E9261BC04000576CB9 /* View */,
				1ED824E7261BC01400576CB9 /* App */,
				1ED824DA261BBAC700576CB9 /* Assets.xcassets */,
				1ED824DF261BBAC700576CB9 /* Info.plist */,
				1ED824DC261BBAC700576CB9 /* Preview Content */,
			);
			path = "Fruits Wiki";
			sourceTree = "<group>";
		};
		1ED824DC261BBAC700576CB9 /* Preview Content */ = {
			isa = PBXGroup;
			children = (
				1ED824DD261BBAC700576CB9 /* Preview Assets.xcassets */,
			);
			path = "Preview Content";
			sourceTree = "<group>";
		};
		1ED824E7261BC01400576CB9 /* App */ = {
			isa = PBXGroup;
			children = (
				1ED8250B261C0D1B00576CB9 /* SettingsView.swift */,
				1ED824D6261BBAC600576CB9 /* Fruits_WikiApp.swift */,
				1ED824D8261BBAC600576CB9 /* ContentView.swift */,
				1ED824F0261BDA4800576CB9 /* OnboardingView.swift */,
				1ED824FF261BF68300576CB9 /* FruitDetailView.swift */,
			);
			path = App;
			sourceTree = "<group>";
		};
		1ED824E9261BC04000576CB9 /* View */ = {
			isa = PBXGroup;
			children = (
				1ED824EA261BC07200576CB9 /* FruitCardView.swift */,
				1ED824ED261BD5E800576CB9 /* StartButtonView.swift */,
				1ED824FB261BEB2300576CB9 /* FruitRowView.swift */,
				1ED82502261BFBAE00576CB9 /* FruitHeaderView.swift */,
				1ED82505261BFF0400576CB9 /* SourceLinkView.swift */,
				1ED82508261C07A500576CB9 /* FruitNutritionView.swift */,
				1ED8250E261C14C900576CB9 /* SettingsLabelView.swift */,
			);
			path = View;
			sourceTree = "<group>";
		};
		1ED824F3261BDCBD00576CB9 /* Model */ = {
			isa = PBXGroup;
			children = (
				1ED824F4261BDCCC00576CB9 /* FruitModel.swift */,
			);
			path = Model;
			sourceTree = "<group>";
		};
		1ED824F7261BDE3E00576CB9 /* Data */ = {
			isa = PBXGroup;
			children = (
				1ED824F8261BDE5400576CB9 /* FruitData.swift */,
			);
			path = Data;
			sourceTree = "<group>";
		};
/* End PBXGroup section */

/* Begin PBXNativeTarget section */
		1ED824D2261BBAC600576CB9 /* Fruits Wiki */ = {
			isa = PBXNativeTarget;
			buildConfigurationList = 1ED824E2261BBAC700576CB9 /* Build configuration list for PBXNativeTarget "Fruits Wiki" */;
			buildPhases = (
				1ED824CF261BBAC600576CB9 /* Sources */,
				1ED824D0261BBAC600576CB9 /* Frameworks */,
				1ED824D1261BBAC600576CB9 /* Resources */,
			);
			buildRules = (
			);
			dependencies = (
			);
			name = "Fruits Wiki";
			productName = "Fruits Wiki";
			productReference = 1ED824D3261BBAC600576CB9 /* Fruits Wiki.app */;
			productType = "com.apple.product-type.application";
		};
/* End PBXNativeTarget section */

/* Begin PBXProject section */
		1ED824CB261BBAC600576CB9 /* Project object */ = {
			isa = PBXProject;
			attributes = {
				LastSwiftUpdateCheck = 1240;
				LastUpgradeCheck = 1240;
				TargetAttributes = {
					1ED824D2261BBAC600576CB9 = {
						CreatedOnToolsVersion = 12.4;
					};
				};
			};
			buildConfigurationList = 1ED824CE261BBAC600576CB9 /* Build configuration list for PBXProject "Fruits Wiki" */;
			compatibilityVersion = "Xcode 9.3";
			developmentRegion = en;
			hasScannedForEncodings = 0;
			knownRegions = (
				en,
				Base,
			);
			mainGroup = 1ED824CA261BBAC600576CB9;
			productRefGroup = 1ED824D4261BBAC600576CB9 /* Products */;
			projectDirPath = "";
			projectRoot = "";
			targets = (
				1ED824D2261BBAC600576CB9 /* Fruits Wiki */,
			);
		};
/* End PBXProject section */

/* Begin PBXResourcesBuildPhase section */
		1ED824D1261BBAC600576CB9 /* Resources */ = {
			isa = PBXResourcesBuildPhase;
			buildActionMask = 2147483647;
			files = (
				1ED824DE261BBAC700576CB9 /* Preview Assets.xcassets in Resources */,
				1ED824DB261BBAC700576CB9 /* Assets.xcassets in Resources */,
			);
			runOnlyForDeploymentPostprocessing = 0;
		};
/* End PBXResourcesBuildPhase section */

/* Begin PBXSourcesBuildPhase section */
		1ED824CF261BBAC600576CB9 /* Sources */ = {
			isa = PBXSourcesBuildPhase;
			buildActionMask = 2147483647;
			files = (
				1ED82509261C07A500576CB9 /* FruitNutritionView.swift in Sources */,
				1ED824F9261BDE5400576CB9 /* FruitData.swift in Sources */,
				1ED82506261BFF0400576CB9 /* SourceLinkView.swift in Sources */,
				1ED824EB261BC07200576CB9 /* FruitCardView.swift in Sources */,
				1ED824FC261BEB2300576CB9 /* FruitRowView.swift in Sources */,
				1ED824EE261BD5E800576CB9 /* StartButtonView.swift in Sources */,
				1ED82500261BF68300576CB9 /* FruitDetailView.swift in Sources */,
				1ED824D9261BBAC600576CB9 /* ContentView.swift in Sources */,
				1ED82503261BFBAE00576CB9 /* FruitHeaderView.swift in Sources */,
				1ED824F1261BDA4800576CB9 /* OnboardingView.swift in Sources */,
				1ED8250F261C14C900576CB9 /* SettingsLabelView.swift in Sources */,
				1ED824F5261BDCCC00576CB9 /* FruitModel.swift in Sources */,
				1ED824D7261BBAC600576CB9 /* Fruits_WikiApp.swift in Sources */,
				1ED8250C261C0D1B00576CB9 /* SettingsView.swift in Sources */,
			);
			runOnlyForDeploymentPostprocessing = 0;
		};
/* End PBXSourcesBuildPhase section */

/* Begin XCBuildConfiguration section */
		1ED824E0261BBAC700576CB9 /* Debug */ = {
			isa = XCBuildConfiguration;
			buildSettings = {
				ALWAYS_SEARCH_USER_PATHS = NO;
				CLANG_ANALYZER_NONNULL = YES;
				CLANG_ANALYZER_NUMBER_OBJECT_CONVERSION = YES_AGGRESSIVE;
				CLANG_CXX_LANGUAGE_STANDARD = "gnu++14";
				CLANG_CXX_LIBRARY = "libc++";
				CLANG_ENABLE_MODULES = YES;
				CLANG_ENABLE_OBJC_ARC = YES;
				CLANG_ENABLE_OBJC_WEAK = YES;
				CLANG_WARN_BLOCK_CAPTURE_AUTORELEASING = YES;
				CLANG_WARN_BOOL_CONVERSION = YES;
				CLANG_WARN_COMMA = YES;
				CLANG_WARN_CONSTANT_CONVERSION = YES;
				CLANG_WARN_DEPRECATED_OBJC_IMPLEMENTATIONS = YES;
				CLANG_WARN_DIRECT_OBJC_ISA_USAGE = YES_ERROR;
				CLANG_WARN_DOCUMENTATION_COMMENTS = YES;
				CLANG_WARN_EMPTY_BODY = YES;
				CLANG_WARN_ENUM_CONVERSION = YES;
				CLANG_WARN_INFINITE_RECURSION = YES;
				CLANG_WARN_INT_CONVERSION = YES;
				CLANG_WARN_NON_LITERAL_NULL_CONVERSION = YES;
				CLANG_WARN_OBJC_IMPLICIT_RETAIN_SELF = YES;
				CLANG_WARN_OBJC_LITERAL_CONVERSION = YES;
				CLANG_WARN_OBJC_ROOT_CLASS = YES_ERROR;
				CLANG_WARN_QUOTED_INCLUDE_IN_FRAMEWORK_HEADER = YES;
				CLANG_WARN_RANGE_LOOP_ANALYSIS = YES;
				CLANG_WARN_STRICT_PROTOTYPES = YES;
				CLANG_WARN_SUSPICIOUS_MOVE = YES;
				CLANG_WARN_UNGUARDED_AVAILABILITY = YES_AGGRESSIVE;
				CLANG_WARN_UNREACHABLE_CODE = YES;
				CLANG_WARN__DUPLICATE_METHOD_MATCH = YES;
				COPY_PHASE_STRIP = NO;
				DEBUG_INFORMATION_FORMAT = dwarf;
				ENABLE_STRICT_OBJC_MSGSEND = YES;
				ENABLE_TESTABILITY = YES;
				GCC_C_LANGUAGE_STANDARD = gnu11;
				GCC_DYNAMIC_NO_PIC = NO;
				GCC_NO_COMMON_BLOCKS = YES;
				GCC_OPTIMIZATION_LEVEL = 0;
				GCC_PREPROCESSOR_DEFINITIONS = (
					"DEBUG=1",
					"$(inherited)",
				);
				GCC_WARN_64_TO_32_BIT_CONVERSION = YES;
				GCC_WARN_ABOUT_RETURN_TYPE = YES_ERROR;
				GCC_WARN_UNDECLARED_SELECTOR = YES;
				GCC_WARN_UNINITIALIZED_AUTOS = YES_AGGRESSIVE;
				GCC_WARN_UNUSED_FUNCTION = YES;
				GCC_WARN_UNUSED_VARIABLE = YES;
				IPHONEOS_DEPLOYMENT_TARGET = 14.4;
				MTL_ENABLE_DEBUG_INFO = INCLUDE_SOURCE;
				MTL_FAST_MATH = YES;
				ONLY_ACTIVE_ARCH = YES;
				SDKROOT = iphoneos;
				SWIFT_ACTIVE_COMPILATION_CONDITIONS = DEBUG;
				SWIFT_OPTIMIZATION_LEVEL = "-Onone";
			};
			name = Debug;
		};
		1ED824E1261BBAC700576CB9 /* Release */ = {
			isa = XCBuildConfiguration;
			buildSettings = {
				ALWAYS_SEARCH_USER_PATHS = NO;
				CLANG_ANALYZER_NONNULL = YES;
				CLANG_ANALYZER_NUMBER_OBJECT_CONVERSION = YES_AGGRESSIVE;
				CLANG_CXX_LANGUAGE_STANDARD = "gnu++14";
				CLANG_CXX_LIBRARY = "libc++";
				CLANG_ENABLE_MODULES = YES;
				CLANG_ENABLE_OBJC_ARC = YES;
				CLANG_ENABLE_OBJC_WEAK = YES;
				CLANG_WARN_BLOCK_CAPTURE_AUTORELEASING = YES;
				CLANG_WARN_BOOL_CONVERSION = YES;
				CLANG_WARN_COMMA = YES;
				CLANG_WARN_CONSTANT_CONVERSION = YES;
				CLANG_WARN_DEPRECATED_OBJC_IMPLEMENTATIONS = YES;
				CLANG_WARN_DIRECT_OBJC_ISA_USAGE = YES_ERROR;
				CLANG_WARN_DOCUMENTATION_COMMENTS = YES;
				CLANG_WARN_EMPTY_BODY = YES;
				CLANG_WARN_ENUM_CONVERSION = YES;
				CLANG_WARN_INFINITE_RECURSION = YES;
				CLANG_WARN_INT_CONVERSION = YES;
				CLANG_WARN_NON_LITERAL_NULL_CONVERSION = YES;
				CLANG_WARN_OBJC_IMPLICIT_RETAIN_SELF = YES;
				CLANG_WARN_OBJC_LITERAL_CONVERSION = YES;
				CLANG_WARN_OBJC_ROOT_CLASS = YES_ERROR;
				CLANG_WARN_QUOTED_INCLUDE_IN_FRAMEWORK_HEADER = YES;
				CLANG_WARN_RANGE_LOOP_ANALYSIS = YES;
				CLANG_WARN_STRICT_PROTOTYPES = YES;
				CLANG_WARN_SUSPICIOUS_MOVE = YES;
				CLANG_WARN_UNGUARDED_AVAILABILITY = YES_AGGRESSIVE;
				CLANG_WARN_UNREACHABLE_CODE = YES;
				CLANG_WARN__DUPLICATE_METHOD_MATCH = YES;
				COPY_PHASE_STRIP = NO;
				DEBUG_INFORMATION_FORMAT = "dwarf-with-dsym";
				ENABLE_NS_ASSERTIONS = NO;
				ENABLE_STRICT_OBJC_MSGSEND = YES;
				GCC_C_LANGUAGE_STANDARD = gnu11;
				GCC_NO_COMMON_BLOCKS = YES;
				GCC_WARN_64_TO_32_BIT_CONVERSION = YES;
				GCC_WARN_ABOUT_RETURN_TYPE = YES_ERROR;
				GCC_WARN_UNDECLARED_SELECTOR = YES;
				GCC_WARN_UNINITIALIZED_AUTOS = YES_AGGRESSIVE;
				GCC_WARN_UNUSED_FUNCTION = YES;
				GCC_WARN_UNUSED_VARIABLE = YES;
				IPHONEOS_DEPLOYMENT_TARGET = 14.4;
				MTL_ENABLE_DEBUG_INFO = NO;
				MTL_FAST_MATH = YES;
				SDKROOT = iphoneos;
				SWIFT_COMPILATION_MODE = wholemodule;
				SWIFT_OPTIMIZATION_LEVEL = "-O";
				VALIDATE_PRODUCT = YES;
			};
			name = Release;
		};
		1ED824E3261BBAC700576CB9 /* Debug */ = {
			isa = XCBuildConfiguration;
			buildSettings = {
				ASSETCATALOG_COMPILER_APPICON_NAME = AppIcon;
				ASSETCATALOG_COMPILER_GLOBAL_ACCENT_COLOR_NAME = AccentColor;
				CODE_SIGN_STYLE = Automatic;
				DEVELOPMENT_ASSET_PATHS = "\"Fruits Wiki/Preview Content\"";
				DEVELOPMENT_TEAM = 975MAWB9JM;
				ENABLE_PREVIEWS = YES;
				INFOPLIST_FILE = "Fruits Wiki/Info.plist";
				IPHONEOS_DEPLOYMENT_TARGET = 14.0;
				LD_RUNPATH_SEARCH_PATHS = (
					"$(inherited)",
					"@executable_path/Frameworks",
				);
				PRODUCT_BUNDLE_IDENTIFIER = "com.loipham.Fruits-Wiki";
				PRODUCT_NAME = "$(TARGET_NAME)";
				SWIFT_VERSION = 5.0;
				TARGETED_DEVICE_FAMILY = "1,2";
			};
			name = Debug;
		};
		1ED824E4261BBAC700576CB9 /* Release */ = {
			isa = XCBuildConfiguration;
			buildSettings = {
				ASSETCATALOG_COMPILER_APPICON_NAME = AppIcon;
				ASSETCATALOG_COMPILER_GLOBAL_ACCENT_COLOR_NAME = AccentColor;
				CODE_SIGN_STYLE = Automatic;
				DEVELOPMENT_ASSET_PATHS = "\"Fruits Wiki/Preview Content\"";
				DEVELOPMENT_TEAM = 975MAWB9JM;
				ENABLE_PREVIEWS = YES;
				INFOPLIST_FILE = "Fruits Wiki/Info.plist";
				IPHONEOS_DEPLOYMENT_TARGET = 14.0;
				LD_RUNPATH_SEARCH_PATHS = (
					"$(inherited)",
					"@executable_path/Frameworks",
				);
				PRODUCT_BUNDLE_IDENTIFIER = "com.loipham.Fruits-Wiki";
				PRODUCT_NAME = "$(TARGET_NAME)";
				SWIFT_VERSION = 5.0;
				TARGETED_DEVICE_FAMILY = "1,2";
			};
			name = Release;
		};
/* End XCBuildConfiguration section */

/* Begin XCConfigurationList section */
		1ED824CE261BBAC600576CB9 /* Build configuration list for PBXProject "Fruits Wiki" */ = {
			isa = XCConfigurationList;
			buildConfigurations = (
				1ED824E0261BBAC700576CB9 /* Debug */,
				1ED824E1261BBAC700576CB9 /* Release */,
			);
			defaultConfigurationIsVisible = 0;
			defaultConfigurationName = Release;
		};
		1ED824E2261BBAC700576CB9 /* Build configuration list for PBXNativeTarget "Fruits Wiki" */ = {
			isa = XCConfigurationList;
			buildConfigurations = (
				1ED824E3261BBAC700576CB9 /* Debug */,
				1ED824E4261BBAC700576CB9 /* Release */,
			);
			defaultConfigurationIsVisible = 0;
			defaultConfigurationName = Release;
		};
/* End XCConfigurationList section */
	};
	rootObject = 1ED824CB261BBAC600576CB9 /* Project object */;
}
